GEM
  remote: https://rubygems.org/
  specs:
    daemons (1.4.1)
    eventmachine (1.2.7)
    logger (1.7.0)
    rack (2.2.23)
    thin (2.0.1)
      daemons (~> 1.0, >= 1.0.9)
      eventmachine (~> 1.0, >= 1.0.4)
      logger
      rack (>= 1, < 4)

PLATFORMS
  aarch64-linux-musl
  ruby
  x86_64-linux
  x86_64-linux-musl

DEPENDENCIES
  rack (~> 2.2)
  thin

BUNDLED WITH
   2.6.9
